
Microsoft Visual Studio Solution File, Format Version 12.00
# Visual Studio Version 17
VisualStudioVersion = 17.11.35327.3
MinimumVisualStudioVersion = 10.0.40219.1
Project("{FAE04EC0-301F-11D3-BF4B-00C04F79EFBC}") = "StoreManagementSystem", "StoreManagementSystem\StoreManagementSystem.csproj", "{5044FD17-B83F-4250-8F51-1BD18E48281A}"
EndProject
Global
	GlobalSection(SolutionConfigurationPlatforms) = preSolution
		Debug|Any CPU = Debug|Any CPU
		Release|Any CPU = Release|Any CPU
	EndGlobalSection
	GlobalSection(ProjectConfigurationPlatforms) = postSolution
		{5044FD17-B83F-4250-8F51-1BD18E48281A}.Debug|Any CPU.ActiveCfg = Debug|Any CPU
		{5044FD17-B83F-4250-8F51-1BD18E48281A}.Debug|Any CPU.Build.0 = Debug|Any CPU
		{5044FD17-B83F-4250-8F51-1BD18E48281A}.Release|Any CPU.ActiveCfg = Release|Any CPU
		{5044FD17-B83F-4250-8F51-1BD18E48281A}.Release|Any CPU.Build.0 = Release|Any CPU
	EndGlobalSection
	GlobalSection(SolutionProperties) = preSolution
		HideSolutionNode = FALSE
	EndGlobalSection
	GlobalSection(ExtensibilityGlobals) = postSolution
		SolutionGuid = {0E14AC03-C32F-452C-AC35-B9444D0A1207}
	EndGlobalSection
EndGlobal
